
Microsoft Visual Studio Solution File, Format Version 12.00
# Visual Studio Version 17
VisualStudioVersion = 17.14.37301.10
MinimumVisualStudioVersion = 10.0.40219.1
Project("{8BC9CEB8-8B4A-11D0-8D11-00A0C91BC942}") = "XOneLayer", "XOneLayer\XOneLayer.vcxproj", "{49E26C93-88B0-472B-9C18-A2FCEC1DCF26}"
EndProject
Project("{8BC9CEB8-8B4A-11D0-8D11-00A0C91BC942}") = "d3d12_x", "d3d12_x\d3d12_x.vcxproj", "{C9749926-3F4B-46A6-A94D-321B1DB109EE}"
EndProject
Project("{8BC9CEB8-8B4A-11D0-8D11-00A0C91BC942}") = "xg_x", "xg_x\xg_x.vcxproj", "{3DB5206C-04F8-4FD3-8749-6B16770902BF}"
EndProject
Project("{8BC9CEB8-8B4A-11D0-8D11-00A0C91BC942}") = "GameInput", "GameInput\GameInput.vcxproj", "{23FBD854-EFF5-4475-9892-ECB7FD930F32}"
EndProject
Project("{8BC9CEB8-8B4A-11D0-8D11-00A0C91BC942}") = "xmem", "xmem\xmem.vcxproj", "{BD6C11C9-875B-411B-90B2-3ABDA6F404AB}"
EndProject
Project("{8BC9CEB8-8B4A-11D0-8D11-00A0C91BC942}") = "XFrontPanelDisplay", "XFrontPanelDisplay\XFrontPanelDisplay.vcxproj", "{00C8B659-01F6-406F-BB8D-30DE25F9A8F6}"
EndProject
Global
	GlobalSection(SolutionConfigurationPlatforms) = preSolution
		Debug|x64 = Debug|x64
		Debug|x86 = Debug|x86
		Release|x64 = Release|x64
		Release|x86 = Release|x86
	EndGlobalSection
	GlobalSection(ProjectConfigurationPlatforms) = postSolution
		{49E26C93-88B0-472B-9C18-A2FCEC1DCF26}.Debug|x64.ActiveCfg = Debug|x64
		{49E26C93-88B0-472B-9C18-A2FCEC1DCF26}.Debug|x64.Build.0 = Debug|x64
		{49E26C93-88B0-472B-9C18-A2FCEC1DCF26}.Debug|x86.ActiveCfg = Debug|Win32
		{49E26C93-88B0-472B-9C18-A2FCEC1DCF26}.Debug|x86.Build.0 = Debug|Win32
		{49E26C93-88B0-472B-9C18-A2FCEC1DCF26}.Release|x64.ActiveCfg = Release|x64
		{49E26C93-88B0-472B-9C18-A2FCEC1DCF26}.Release|x64.Build.0 = Release|x64
		{49E26C93-88B0-472B-9C18-A2FCEC1DCF26}.Release|x86.ActiveCfg = Release|Win32
		{49E26C93-88B0-472B-9C18-A2FCEC1DCF26}.Release|x86.Build.0 = Release|Win32
		{C9749926-3F4B-46A6-A94D-321B1DB109EE}.Debug|x64.ActiveCfg = Debug|x64
		{C9749926-3F4B-46A6-A94D-321B1DB109EE}.Debug|x64.Build.0 = Debug|x64
		{C9749926-3F4B-46A6-A94D-321B1DB109EE}.Debug|x86.ActiveCfg = Debug|Win32
		{C9749926-3F4B-46A6-A94D-321B1DB109EE}.Debug|x86.Build.0 = Debug|Win32
		{C9749926-3F4B-46A6-A94D-321B1DB109EE}.Release|x64.ActiveCfg = Release|x64
		{C9749926-3F4B-46A6-A94D-321B1DB109EE}.Release|x64.Build.0 = Release|x64
		{C9749926-3F4B-46A6-A94D-321B1DB109EE}.Release|x86.ActiveCfg = Release|Win32
		{C9749926-3F4B-46A6-A94D-321B1DB109EE}.Release|x86.Build.0 = Release|Win32
		{3DB5206C-04F8-4FD3-8749-6B16770902BF}.Debug|x64.ActiveCfg = Debug|x64
		{3DB5206C-04F8-4FD3-8749-6B16770902BF}.Debug|x64.Build.0 = Debug|x64
		{3DB5206C-04F8-4FD3-8749-6B16770902BF}.Debug|x86.ActiveCfg = Debug|Win32
		{3DB5206C-04F8-4FD3-8749-6B16770902BF}.Debug|x86.Build.0 = Debug|Win32
		{3DB5206C-04F8-4FD3-8749-6B16770902BF}.Release|x64.ActiveCfg = Release|x64
		{3DB5206C-04F8-4FD3-8749-6B16770902BF}.Release|x64.Build.0 = Release|x64
		{3DB5206C-04F8-4FD3-8749-6B16770902BF}.Release|x86.ActiveCfg = Release|Win32
		{3DB5206C-04F8-4FD3-8749-6B16770902BF}.Release|x86.Build.0 = Release|Win32
		{23FBD854-EFF5-4475-9892-ECB7FD930F32}.Debug|x64.ActiveCfg = Debug|x64
		{23FBD854-EFF5-4475-9892-ECB7FD930F32}.Debug|x64.Build.0 = Debug|x64
		{23FBD854-EFF5-4475-9892-ECB7FD930F32}.Debug|x86.ActiveCfg = Debug|Win32
		{23FBD854-EFF5-4475-9892-ECB7FD930F32}.Debug|x86.Build.0 = Debug|Win32
		{23FBD854-EFF5-4475-9892-ECB7FD930F32}.Release|x64.ActiveCfg = Release|x64
		{23FBD854-EFF5-4475-9892-ECB7FD930F32}.Release|x64.Build.0 = Release|x64
		{23FBD854-EFF5-4475-9892-ECB7FD930F32}.Release|x86.ActiveCfg = Release|Win32
		{23FBD854-EFF5-4475-9892-ECB7FD930F32}.Release|x86.Build.0 = Release|Win32
		{BD6C11C9-875B-411B-90B2-3ABDA6F404AB}.Debug|x64.ActiveCfg = Debug|x64
		{BD6C11C9-875B-411B-90B2-3ABDA6F404AB}.Debug|x64.Build.0 = Debug|x64
		{BD6C11C9-875B-411B-90B2-3ABDA6F404AB}.Debug|x86.ActiveCfg = Debug|Win32
		{BD6C11C9-875B-411B-90B2-3ABDA6F404AB}.Debug|x86.Build.0 = Debug|Win32
		{BD6C11C9-875B-411B-90B2-3ABDA6F404AB}.Release|x64.ActiveCfg = Release|x64
		{BD6C11C9-875B-411B-90B2-3ABDA6F404AB}.Release|x64.Build.0 = Release|x64
		{BD6C11C9-875B-411B-90B2-3ABDA6F404AB}.Release|x86.ActiveCfg = Release|Win32
		{BD6C11C9-875B-411B-90B2-3ABDA6F404AB}.Release|x86.Build.0 = Release|Win32
		{00C8B659-01F6-406F-BB8D-30DE25F9A8F6}.Debug|x64.ActiveCfg = Debug|x64
		{00C8B659-01F6-406F-BB8D-30DE25F9A8F6}.Debug|x64.Build.0 = Debug|x64
		{00C8B659-01F6-406F-BB8D-30DE25F9A8F6}.Debug|x86.ActiveCfg = Debug|Win32
		{00C8B659-01F6-406F-BB8D-30DE25F9A8F6}.Debug|x86.Build.0 = Debug|Win32
		{00C8B659-01F6-406F-BB8D-30DE25F9A8F6}.Release|x64.ActiveCfg = Release|x64
		{00C8B659-01F6-406F-BB8D-30DE25F9A8F6}.Release|x64.Build.0 = Release|x64
		{00C8B659-01F6-406F-BB8D-30DE25F9A8F6}.Release|x86.ActiveCfg = Release|Win32
		{00C8B659-01F6-406F-BB8D-30DE25F9A8F6}.Release|x86.Build.0 = Release|Win32
	EndGlobalSection
	GlobalSection(SolutionProperties) = preSolution
		HideSolutionNode = FALSE
	EndGlobalSection
	GlobalSection(ExtensibilityGlobals) = postSolution
		SolutionGuid = {8C09DA8C-AD4B-4EA6-A859-75B9403857FB}
	EndGlobalSection
EndGlobal
